
Microsoft Visual Studio Solution File, Format Version 12.00
# Visual Studio Version 17
VisualStudioVersion = 17.5.33516.290
MinimumVisualStudioVersion = 10.0.40219.1
Project("{FAE04EC0-301F-11D3-BF4B-00C04F79EFBC}") = "Singleton", "Singleton\Singleton.csproj", "{C152E913-D46E-4C2C-A257-3242054C35D9}"
EndProject
Project("{FAE04EC0-301F-11D3-BF4B-00C04F79EFBC}") = "FactoryMethod", "FactoryMethod\FactoryMethod.csproj", "{9A6CDA88-9070-4B3D-A164-1D85801EDDA0}"
EndProject
Project("{FAE04EC0-301F-11D3-BF4B-00C04F79EFBC}") = "AbstractFactory", "AbstractFactory\AbstractFactory.csproj", "{545955EA-34E7-4D5A-BEC3-A73ADCDD7B4F}"
EndProject
Project("{FAE04EC0-301F-11D3-BF4B-00C04F79EFBC}") = "Prorotype", "Prorotype\Prorotype.csproj", "{CCD7F31D-315A-4E9E-9401-7EB31A98E1F1}"
EndProject
Project("{FAE04EC0-301F-11D3-BF4B-00C04F79EFBC}") = "Builder", "Builder\Builder.csproj", "{060E2330-B15B-4DC3-8474-84C82A915F90}"
EndProject
Project("{FAE04EC0-301F-11D3-BF4B-00C04F79EFBC}") = "Facade", "Facade\Facade.csproj", "{512F28AB-6F04-4895-92DC-3AF65D689079}"
EndProject
Project("{FAE04EC0-301F-11D3-BF4B-00C04F79EFBC}") = "Adapter", "Adapter\Adapter.csproj", "{75A0B32F-12CD-4820-83A1-DACCA39B10A3}"
EndProject
Project("{FAE04EC0-301F-11D3-BF4B-00C04F79EFBC}") = "Composite", "Composite\Composite.csproj", "{C47A1071-1DE2-4B52-BC95-2A37C4EAC6A6}"
EndProject
Project("{FAE04EC0-301F-11D3-BF4B-00C04F79EFBC}") = "Proxy", "Proxy\Proxy.csproj", "{4862C4CC-AD80-4210-A23E-6F33228BDE9B}"
EndProject
Project("{FAE04EC0-301F-11D3-BF4B-00C04F79EFBC}") = "Decorator", "Decorator\Decorator.csproj", "{0FDBA6D5-18A2-455F-ACAB-7B2F2FBB0DBB}"
EndProject
Project("{FAE04EC0-301F-11D3-BF4B-00C04F79EFBC}") = "Bridge", "Bridge\Bridge.csproj", "{AAA9AA7B-458E-40EB-B550-BFE4BF9011DB}"
EndProject
Project("{FAE04EC0-301F-11D3-BF4B-00C04F79EFBC}") = "Strategy", "Strategy\Strategy.csproj", "{DEC9F757-8537-484A-AFBE-0A5ED5BF6936}"
EndProject
Project("{FAE04EC0-301F-11D3-BF4B-00C04F79EFBC}") = "Observer", "Observer\Observer.csproj", "{EFBF574C-80AE-4F9C-B13D-6153E875F76B}"
EndProject
Project("{FAE04EC0-301F-11D3-BF4B-00C04F79EFBC}") = "ChainOfResponsibility", "ChainOfResponsibility\ChainOfResponsibility.csproj", "{82EFA960-4F84-40A0-8650-8AA36B007CBD}"
EndProject
Project("{FAE04EC0-301F-11D3-BF4B-00C04F79EFBC}") = "Memento", "Memento\Memento.csproj", "{371236F9-C6C0-4AE9-A53E-18B33B41EBC5}"
EndProject
Project("{FAE04EC0-301F-11D3-BF4B-00C04F79EFBC}") = "TemplateMethod", "TemplateMethod\TemplateMethod.csproj", "{80DA1E91-43C6-4EE4-A374-D9401ED4029D}"
EndProject
Project("{FAE04EC0-301F-11D3-BF4B-00C04F79EFBC}") = "State", "State\State.csproj", "{1345E3DE-8364-4E39-BEE4-35DC8E6434EF}"
EndProject
Global
	GlobalSection(SolutionConfigurationPlatforms) = preSolution
		Debug|Any CPU = Debug|Any CPU
		Release|Any CPU = Release|Any CPU
	EndGlobalSection
	GlobalSection(ProjectConfigurationPlatforms) = postSolution
		{C152E913-D46E-4C2C-A257-3242054C35D9}.Debug|Any CPU.ActiveCfg = Debug|Any CPU
		{C152E913-D46E-4C2C-A257-3242054C35D9}.Debug|Any CPU.Build.0 = Debug|Any CPU
		{C152E913-D46E-4C2C-A257-3242054C35D9}.Release|Any CPU.ActiveCfg = Release|Any CPU
		{C152E913-D46E-4C2C-A257-3242054C35D9}.Release|Any CPU.Build.0 = Release|Any CPU
		{9A6CDA88-9070-4B3D-A164-1D85801EDDA0}.Debug|Any CPU.ActiveCfg = Debug|Any CPU
		{9A6CDA88-9070-4B3D-A164-1D85801EDDA0}.Debug|Any CPU.Build.0 = Debug|Any CPU
		{9A6CDA88-9070-4B3D-A164-1D85801EDDA0}.Release|Any CPU.ActiveCfg = Release|Any CPU
		{9A6CDA88-9070-4B3D-A164-1D85801EDDA0}.Release|Any CPU.Build.0 = Release|Any CPU
		{545955EA-34E7-4D5A-BEC3-A73ADCDD7B4F}.Debug|Any CPU.ActiveCfg = Debug|Any CPU
		{545955EA-34E7-4D5A-BEC3-A73ADCDD7B4F}.Debug|Any CPU.Build.0 = Debug|Any CPU
		{545955EA-34E7-4D5A-BEC3-A73ADCDD7B4F}.Release|Any CPU.ActiveCfg = Release|Any CPU
		{545955EA-34E7-4D5A-BEC3-A73ADCDD7B4F}.Release|Any CPU.Build.0 = Release|Any CPU
		{CCD7F31D-315A-4E9E-9401-7EB31A98E1F1}.Debug|Any CPU.ActiveCfg = Debug|Any CPU
		{CCD7F31D-315A-4E9E-9401-7EB31A98E1F1}.Debug|Any CPU.Build.0 = Debug|Any CPU
		{CCD7F31D-315A-4E9E-9401-7EB31A98E1F1}.Release|Any CPU.ActiveCfg = Release|Any CPU
		{CCD7F31D-315A-4E9E-9401-7EB31A98E1F1}.Release|Any CPU.Build.0 = Release|Any CPU
		{060E2330-B15B-4DC3-8474-84C82A915F90}.Debug|Any CPU.ActiveCfg = Debug|Any CPU
		{060E2330-B15B-4DC3-8474-84C82A915F90}.Debug|Any CPU.Build.0 = Debug|Any CPU
		{060E2330-B15B-4DC3-8474-84C82A915F90}.Release|Any CPU.ActiveCfg = Release|Any CPU
		{060E2330-B15B-4DC3-8474-84C82A915F90}.Release|Any CPU.Build.0 = Release|Any CPU
		{512F28AB-6F04-4895-92DC-3AF65D689079}.Debug|Any CPU.ActiveCfg = Debug|Any CPU
		{512F28AB-6F04-4895-92DC-3AF65D689079}.Debug|Any CPU.Build.0 = Debug|Any CPU
		{512F28AB-6F04-4895-92DC-3AF65D689079}.Release|Any CPU.ActiveCfg = Release|Any CPU
		{512F28AB-6F04-4895-92DC-3AF65D689079}.Release|Any CPU.Build.0 = Release|Any CPU
		{75A0B32F-12CD-4820-83A1-DACCA39B10A3}.Debug|Any CPU.ActiveCfg = Debug|Any CPU
		{75A0B32F-12CD-4820-83A1-DACCA39B10A3}.Debug|Any CPU.Build.0 = Debug|Any CPU
		{75A0B32F-12CD-4820-83A1-DACCA39B10A3}.Release|Any CPU.ActiveCfg = Release|Any CPU
		{75A0B32F-12CD-4820-83A1-DACCA39B10A3}.Release|Any CPU.Build.0 = Release|Any CPU
		{C47A1071-1DE2-4B52-BC95-2A37C4EAC6A6}.Debug|Any CPU.ActiveCfg = Debug|Any CPU
		{C47A1071-1DE2-4B52-BC95-2A37C4EAC6A6}.Debug|Any CPU.Build.0 = Debug|Any CPU
		{C47A1071-1DE2-4B52-BC95-2A37C4EAC6A6}.Release|Any CPU.ActiveCfg = Release|Any CPU
		{C47A1071-1DE2-4B52-BC95-2A37C4EAC6A6}.Release|Any CPU.Build.0 = Release|Any CPU
		{4862C4CC-AD80-4210-A23E-6F33228BDE9B}.Debug|Any CPU.ActiveCfg = Debug|Any CPU
		{4862C4CC-AD80-4210-A23E-6F33228BDE9B}.Debug|Any CPU.Build.0 = Debug|Any CPU
		{4862C4CC-AD80-4210-A23E-6F33228BDE9B}.Release|Any CPU.ActiveCfg = Release|Any CPU
		{4862C4CC-AD80-4210-A23E-6F33228BDE9B}.Release|Any CPU.Build.0 = Release|Any CPU
		{0FDBA6D5-18A2-455F-ACAB-7B2F2FBB0DBB}.Debug|Any CPU.ActiveCfg = Debug|Any CPU
		{0FDBA6D5-18A2-455F-ACAB-7B2F2FBB0DBB}.Debug|Any CPU.Build.0 = Debug|Any CPU
		{0FDBA6D5-18A2-455F-ACAB-7B2F2FBB0DBB}.Release|Any CPU.ActiveCfg = Release|Any CPU
		{0FDBA6D5-18A2-455F-ACAB-7B2F2FBB0DBB}.Release|Any CPU.Build.0 = Release|Any CPU
		{AAA9AA7B-458E-40EB-B550-BFE4BF9011DB}.Debug|Any CPU.ActiveCfg = Debug|Any CPU
		{AAA9AA7B-458E-40EB-B550-BFE4BF9011DB}.Debug|Any CPU.Build.0 = Debug|Any CPU
		{AAA9AA7B-458E-40EB-B550-BFE4BF9011DB}.Release|Any CPU.ActiveCfg = Release|Any CPU
		{AAA9AA7B-458E-40EB-B550-BFE4BF9011DB}.Release|Any CPU.Build.0 = Release|Any CPU
		{DEC9F757-8537-484A-AFBE-0A5ED5BF6936}.Debug|Any CPU.ActiveCfg = Debug|Any CPU
		{DEC9F757-8537-484A-AFBE-0A5ED5BF6936}.Debug|Any CPU.Build.0 = Debug|Any CPU
		{DEC9F757-8537-484A-AFBE-0A5ED5BF6936}.Release|Any CPU.ActiveCfg = Release|Any CPU
		{DEC9F757-8537-484A-AFBE-0A5ED5BF6936}.Release|Any CPU.Build.0 = Release|Any CPU
		{EFBF574C-80AE-4F9C-B13D-6153E875F76B}.Debug|Any CPU.ActiveCfg = Debug|Any CPU
		{EFBF574C-80AE-4F9C-B13D-6153E875F76B}.Debug|Any CPU.Build.0 = Debug|Any CPU
		{EFBF574C-80AE-4F9C-B13D-6153E875F76B}.Release|Any CPU.ActiveCfg = Release|Any CPU
		{EFBF574C-80AE-4F9C-B13D-6153E875F76B}.Release|Any CPU.Build.0 = Release|Any CPU
		{82EFA960-4F84-40A0-8650-8AA36B007CBD}.Debug|Any CPU.ActiveCfg = Debug|Any CPU
		{82EFA960-4F84-40A0-8650-8AA36B007CBD}.Debug|Any CPU.Build.0 = Debug|Any CPU
		{82EFA960-4F84-40A0-8650-8AA36B007CBD}.Release|Any CPU.ActiveCfg = Release|Any CPU
		{82EFA960-4F84-40A0-8650-8AA36B007CBD}.Release|Any CPU.Build.0 = Release|Any CPU
		{371236F9-C6C0-4AE9-A53E-18B33B41EBC5}.Debug|Any CPU.ActiveCfg = Debug|Any CPU
		{371236F9-C6C0-4AE9-A53E-18B33B41EBC5}.Debug|Any CPU.Build.0 = Debug|Any CPU
		{371236F9-C6C0-4AE9-A53E-18B33B41EBC5}.Release|Any CPU.ActiveCfg = Release|Any CPU
		{371236F9-C6C0-4AE9-A53E-18B33B41EBC5}.Release|Any CPU.Build.0 = Release|Any CPU
		{80DA1E91-43C6-4EE4-A374-D9401ED4029D}.Debug|Any CPU.ActiveCfg = Debug|Any CPU
		{80DA1E91-43C6-4EE4-A374-D9401ED4029D}.Debug|Any CPU.Build.0 = Debug|Any CPU
		{80DA1E91-43C6-4EE4-A374-D9401ED4029D}.Release|Any CPU.ActiveCfg = Release|Any CPU
		{80DA1E91-43C6-4EE4-A374-D9401ED4029D}.Release|Any CPU.Build.0 = Release|Any CPU
		{1345E3DE-8364-4E39-BEE4-35DC8E6434EF}.Debug|Any CPU.ActiveCfg = Debug|Any CPU
		{1345E3DE-8364-4E39-BEE4-35DC8E6434EF}.Debug|Any CPU.Build.0 = Debug|Any CPU
		{1345E3DE-8364-4E39-BEE4-35DC8E6434EF}.Release|Any CPU.ActiveCfg = Release|Any CPU
		{1345E3DE-8364-4E39-BEE4-35DC8E6434EF}.Release|Any CPU.Build.0 = Release|Any CPU
	EndGlobalSection
	GlobalSection(SolutionProperties) = preSolution
		HideSolutionNode = FALSE
	EndGlobalSection
	GlobalSection(ExtensibilityGlobals) = postSolution
		SolutionGuid = {DFF9850D-6CA8-4CE7-8BE3-30EB096F331D}
	EndGlobalSection
EndGlobal
